// !$*UTF8*$!
{
	archiveVersion = 1;
	classes = {
	};
	objectVersion = 46;
	objects = {

/* Begin PBXBuildFile section */
		42256DB11B71F0D30090C135 /* AppDelegate.m in Sources */ = {isa = PBXBuildFile; fileRef = 42256DAE1B71F0D30090C135 /* AppDelegate.m */; };
		42256DB21B71F0D30090C135 /* ViewController.m in Sources */ = {isa = PBXBuildFile; fileRef = 42256DB01B71F0D30090C135 /* ViewController.m */; };
		42256DB51B71F0DB0090C135 /* LaunchScreen.xib in Resources */ = {isa = PBXBuildFile; fileRef = 42256DB31B71F0DB0090C135 /* LaunchScreen.xib */; };
		42256DB91B71F1960090C135 /* DataManager.m in Sources */ = {isa = PBXBuildFile; fileRef = 42256DB81B71F1960090C135 /* DataManager.m */; };
		42256DBC1B71F1D10090C135 /* ShipButton.m in Sources */ = {isa = PBXBuildFile; fileRef = 42256DBB1B71F1D10090C135 /* ShipButton.m */; };
		42256DBF1B71F1E20090C135 /* Ship.m in Sources */ = {isa = PBXBuildFile; fileRef = 42256DBE1B71F1E20090C135 /* Ship.m */; };
		42256E301B789CFF0090C135 /* Main.storyboard in Resources */ = {isa = PBXBuildFile; fileRef = 42256E2F1B789CFF0090C135 /* Main.storyboard */; };
		528FDC9A1B710F800000F4C2 /* main.m in Sources */ = {isa = PBXBuildFile; fileRef = 528FDC991B710F800000F4C2 /* main.m */; };
		528FDCA51B710F800000F4C2 /* Images.xcassets in Resources */ = {isa = PBXBuildFile; fileRef = 528FDCA41B710F800000F4C2 /* Images.xcassets */; };
		528FDCB41B710F810000F4C2 /* WarShipsTests.m in Sources */ = {isa = PBXBuildFile; fileRef = 528FDCB31B710F810000F4C2 /* WarShipsTests.m */; };
/* End PBXBuildFile section */

/* Begin PBXContainerItemProxy section */
		528FDCAE1B710F810000F4C2 /* PBXContainerItemProxy */ = {
			isa = PBXContainerItemProxy;
			containerPortal = 528FDC8C1B710F800000F4C2 /* Project object */;
			proxyType = 1;
			remoteGlobalIDString = 528FDC931B710F800000F4C2;
			remoteInfo = WarShips;
		};
/* End PBXContainerItemProxy section */

/* Begin PBXFileReference section */
		42256DAD1B71F0D30090C135 /* AppDelegate.h */ = {isa = PBXFileReference; fileEncoding = 4; lastKnownFileType = sourcecode.c.h; name = AppDelegate.h; path = Controllers/AppDelegate.h; sourceTree = "<group>"; };
		42256DAE1B71F0D30090C135 /* AppDelegate.m */ = {isa = PBXFileReference; fileEncoding = 4; lastKnownFileType = sourcecode.c.objc; name = AppDelegate.m; path = Controllers/AppDelegate.m; sourceTree = "<group>"; };
		42256DAF1B71F0D30090C135 /* ViewController.h */ = {isa = PBXFileReference; fileEncoding = 4; lastKnownFileType = sourcecode.c.h; name = ViewController.h; path = Controllers/ViewController.h; sourceTree = "<group>"; };
		42256DB01B71F0D30090C135 /* ViewController.m */ = {isa = PBXFileReference; fileEncoding = 4; lastKnownFileType = sourcecode.c.objc; name = ViewController.m; path = Controllers/ViewController.m; sourceTree = "<group>"; };
		42256DB31B71F0DB0090C135 /* LaunchScreen.xib */ = {isa = PBXFileReference; fileEncoding = 4; lastKnownFileType = file.xib; name = LaunchScreen.xib; path = Views/LaunchScreen.xib; sourceTree = "<group>"; };
		42256DB71B71F1960090C135 /* DataManager.h */ = {isa = PBXFileReference; fileEncoding = 4; lastKnownFileType = sourcecode.c.h; name = DataManager.h; path = Models/DataManager.h; sourceTree = "<group>"; };
		42256DB81B71F1960090C135 /* DataManager.m */ = {isa = PBXFileReference; fileEncoding = 4; lastKnownFileType = sourcecode.c.objc; name = DataManager.m; path = Models/DataManager.m; sourceTree = "<group>"; };
		42256DBA1B71F1D10090C135 /* ShipButton.h */ = {isa = PBXFileReference; fileEncoding = 4; lastKnownFileType = sourcecode.c.h; name = ShipButton.h; path = Models/ShipButton.h; sourceTree = "<group>"; };
		42256DBB1B71F1D10090C135 /* ShipButton.m */ = {isa = PBXFileReference; fileEncoding = 4; lastKnownFileType = sourcecode.c.objc; name = ShipButton.m; path = Models/ShipButton.m; sourceTree = "<group>"; };
		42256DBD1B71F1E20090C135 /* Ship.h */ = {isa = PBXFileReference; fileEncoding = 4; lastKnownFileType = sourcecode.c.h; name = Ship.h; path = Models/Ship.h; sourceTree = "<group>"; };
		42256DBE1B71F1E20090C135 /* Ship.m */ = {isa = PBXFileReference; fileEncoding = 4; lastKnownFileType = sourcecode.c.objc; name = Ship.m; path = Models/Ship.m; sourceTree = "<group>"; };
		42256E2F1B789CFF0090C135 /* Main.storyboard */ = {isa = PBXFileReference; fileEncoding = 4; lastKnownFileType = file.storyboard; name = Main.storyboard; path = Views/Main.storyboard; sourceTree = "<group>"; };
		528FDC941B710F800000F4C2 /* WarShips.app */ = {isa = PBXFileReference; explicitFileType = wrapper.application; includeInIndex = 0; path = WarShips.app; sourceTree = BUILT_PRODUCTS_DIR; };
		528FDC981B710F800000F4C2 /* Info.plist */ = {isa = PBXFileReference; lastKnownFileType = text.plist.xml; path = Info.plist; sourceTree = "<group>"; };
		528FDC991B710F800000F4C2 /* main.m */ = {isa = PBXFileReference; lastKnownFileType = sourcecode.c.objc; path = main.m; sourceTree = "<group>"; };
		528FDCA41B710F800000F4C2 /* Images.xcassets */ = {isa = PBXFileReference; lastKnownFileType = folder.assetcatalog; path = Images.xcassets; sourceTree = "<group>"; };
		528FDCAD1B710F810000F4C2 /* WarShipsTests.xctest */ = {isa = PBXFileReference; explicitFileType = wrapper.cfbundle; includeInIndex = 0; path = WarShipsTests.xctest; sourceTree = BUILT_PRODUCTS_DIR; };
		528FDCB21B710F810000F4C2 /* Info.plist */ = {isa = PBXFileReference; lastKnownFileType = text.plist.xml; path = Info.plist; sourceTree = "<group>"; };
		528FDCB31B710F810000F4C2 /* WarShipsTests.m */ = {isa = PBXFileReference; lastKnownFileType = sourcecode.c.objc; path = WarShipsTests.m; sourceTree = "<group>"; };
/* End PBXFileReference section */

/* Begin PBXFrameworksBuildPhase section */
		528FDC911B710F800000F4C2 /* Frameworks */ = {
			isa = PBXFrameworksBuildPhase;
			buildActionMask = 2147483647;
			files = (
			);
			runOnlyForDeploymentPostprocessing = 0;
		};
		528FDCAA1B710F810000F4C2 /* Frameworks */ = {
			isa = PBXFrameworksBuildPhase;
			buildActionMask = 2147483647;
			files = (
			);
			runOnlyForDeploymentPostprocessing = 0;
		};
/* End PBXFrameworksBuildPhase section */

/* Begin PBXGroup section */
		42256DAA1B71F08B0090C135 /* Views */ = {
			isa = PBXGroup;
			children = (
				42256E2F1B789CFF0090C135 /* Main.storyboard */,
				42256DBA1B71F1D10090C135 /* ShipButton.h */,
				42256DBB1B71F1D10090C135 /* ShipButton.m */,
				42256DB31B71F0DB0090C135 /* LaunchScreen.xib */,
			);
			name = Views;
			sourceTree = "<group>";
		};
		42256DAB1B71F0900090C135 /* Controllers */ = {
			isa = PBXGroup;
			children = (
				42256DAD1B71F0D30090C135 /* AppDelegate.h */,
				42256DAE1B71F0D30090C135 /* AppDelegate.m */,
				42256DAF1B71F0D30090C135 /* ViewController.h */,
				42256DB01B71F0D30090C135 /* ViewController.m */,
			);
			name = Controllers;
			sourceTree = "<group>";
		};
		42256DAC1B71F0970090C135 /* Models */ = {
			isa = PBXGroup;
			children = (
				42256DB71B71F1960090C135 /* DataManager.h */,
				42256DB81B71F1960090C135 /* DataManager.m */,
				42256DBD1B71F1E20090C135 /* Ship.h */,
				42256DBE1B71F1E20090C135 /* Ship.m */,
			);
			name = Models;
			sourceTree = "<group>";
		};
		528FDC8B1B710F800000F4C2 = {
			isa = PBXGroup;
			children = (
				528FDC961B710F800000F4C2 /* WarShips */,
				528FDCB01B710F810000F4C2 /* WarShipsTests */,
				528FDC951B710F800000F4C2 /* Products */,
			);
			sourceTree = "<group>";
		};
		528FDC951B710F800000F4C2 /* Products */ = {
			isa = PBXGroup;
			children = (
				528FDC941B710F800000F4C2 /* WarShips.app */,
				528FDCAD1B710F810000F4C2 /* WarShipsTests.xctest */,
			);
			name = Products;
			sourceTree = "<group>";
		};
		528FDC961B710F800000F4C2 /* WarShips */ = {
			isa = PBXGroup;
			children = (
				42256DAC1B71F0970090C135 /* Models */,
				42256DAB1B71F0900090C135 /* Controllers */,
				42256DAA1B71F08B0090C135 /* Views */,
				528FDCA41B710F800000F4C2 /* Images.xcassets */,
				528FDC971B710F800000F4C2 /* Supporting Files */,
			);
			path = WarShips;
			sourceTree = "<group>";
		};
		528FDC971B710F800000F4C2 /* Supporting Files */ = {
			isa = PBXGroup;
			children = (
				528FDC981B710F800000F4C2 /* Info.plist */,
				528FDC991B710F800000F4C2 /* main.m */,
			);
			name = "Supporting Files";
			sourceTree = "<group>";
		};
		528FDCB01B710F810000F4C2 /* WarShipsTests */ = {
			isa = PBXGroup;
			children = (
				528FDCB31B710F810000F4C2 /* WarShipsTests.m */,
				528FDCB11B710F810000F4C2 /* Supporting Files */,
			);
			path = WarShipsTests;
			sourceTree = "<group>";
		};
		528FDCB11B710F810000F4C2 /* Supporting Files */ = {
			isa = PBXGroup;
			children = (
				528FDCB21B710F810000F4C2 /* Info.plist */,
			);
			name = "Supporting Files";
			sourceTree = "<group>";
		};
/* End PBXGroup section */

/* Begin PBXNativeTarget section */
		528FDC931B710F800000F4C2 /* WarShips */ = {
			isa = PBXNativeTarget;
			buildConfigurationList = 528FDCB71B710F810000F4C2 /* Build configuration list for PBXNativeTarget "WarShips" */;
			buildPhases = (
				528FDC901B710F800000F4C2 /* Sources */,
				528FDC911B710F800000F4C2 /* Frameworks */,
				528FDC921B710F800000F4C2 /* Resources */,
			);
			buildRules = (
			);
			dependencies = (
			);
			name = WarShips;
			productName = WarShips;
			productReference = 528FDC941B710F800000F4C2 /* WarShips.app */;
			productType = "com.apple.product-type.application";
		};
		528FDCAC1B710F810000F4C2 /* WarShipsTests */ = {
			isa = PBXNativeTarget;
			buildConfigurationList = 528FDCBA1B710F810000F4C2 /* Build configuration list for PBXNativeTarget "WarShipsTests" */;
			buildPhases = (
				528FDCA91B710F810000F4C2 /* Sources */,
				528FDCAA1B710F810000F4C2 /* Frameworks */,
				528FDCAB1B710F810000F4C2 /* Resources */,
			);
			buildRules = (
			);
			dependencies = (
				528FDCAF1B710F810000F4C2 /* PBXTargetDependency */,
			);
			name = WarShipsTests;
			productName = WarShipsTests;
			productReference = 528FDCAD1B710F810000F4C2 /* WarShipsTests.xctest */;
			productType = "com.apple.product-type.bundle.unit-test";
		};
/* End PBXNativeTarget section */

/* Begin PBXProject section */
		528FDC8C1B710F800000F4C2 /* Project object */ = {
			isa = PBXProject;
			attributes = {
				LastUpgradeCheck = 0640;
				ORGANIZATIONNAME = "Thibault Le Cornec";
				TargetAttributes = {
					528FDC931B710F800000F4C2 = {
						CreatedOnToolsVersion = 6.4;
					};
					528FDCAC1B710F810000F4C2 = {
						CreatedOnToolsVersion = 6.4;
						TestTargetID = 528FDC931B710F800000F4C2;
					};
				};
			};
			buildConfigurationList = 528FDC8F1B710F800000F4C2 /* Build configuration list for PBXProject "WarShips" */;
			compatibilityVersion = "Xcode 3.2";
			developmentRegion = English;
			hasScannedForEncodings = 0;
			knownRegions = (
				en,
				Base,
			);
			mainGroup = 528FDC8B1B710F800000F4C2;
			productRefGroup = 528FDC951B710F800000F4C2 /* Products */;
			projectDirPath = "";
			projectRoot = "";
			targets = (
				528FDC931B710F800000F4C2 /* WarShips */,
				528FDCAC1B710F810000F4C2 /* WarShipsTests */,
			);
		};
/* End PBXProject section */

/* Begin PBXResourcesBuildPhase section */
		528FDC921B710F800000F4C2 /* Resources */ = {
			isa = PBXResourcesBuildPhase;
			buildActionMask = 2147483647;
			files = (
				42256E301B789CFF0090C135 /* Main.storyboard in Resources */,
				42256DB51B71F0DB0090C135 /* LaunchScreen.xib in Resources */,
				528FDCA51B710F800000F4C2 /* Images.xcassets in Resources */,
			);
			runOnlyForDeploymentPostprocessing = 0;
		};
		528FDCAB1B710F810000F4C2 /* Resources */ = {
			isa = PBXResourcesBuildPhase;
			buildActionMask = 2147483647;
			files = (
			);
			runOnlyForDeploymentPostprocessing = 0;
		};
/* End PBXResourcesBuildPhase section */

/* Begin PBXSourcesBuildPhase section */
		528FDC901B710F800000F4C2 /* Sources */ = {
			isa = PBXSourcesBuildPhase;
			buildActionMask = 2147483647;
			files = (
				42256DB21B71F0D30090C135 /* ViewController.m in Sources */,
				42256DB91B71F1960090C135 /* DataManager.m in Sources */,
				42256DB11B71F0D30090C135 /* AppDelegate.m in Sources */,
				528FDC9A1B710F800000F4C2 /* main.m in Sources */,
				42256DBC1B71F1D10090C135 /* ShipButton.m in Sources */,
				42256DBF1B71F1E20090C135 /* Ship.m in Sources */,
			);
			runOnlyForDeploymentPostprocessing = 0;
		};
		528FDCA91B710F810000F4C2 /* Sources */ = {
			isa = PBXSourcesBuildPhase;
			buildActionMask = 2147483647;
			files = (
				528FDCB41B710F810000F4C2 /* WarShipsTests.m in Sources */,
			);
			runOnlyForDeploymentPostprocessing = 0;
		};
/* End PBXSourcesBuildPhase section */

/* Begin PBXTargetDependency section */
		528FDCAF1B710F810000F4C2 /* PBXTargetDependency */ = {
			isa = PBXTargetDependency;
			target = 528FDC931B710F800000F4C2 /* WarShips */;
			targetProxy = 528FDCAE1B710F810000F4C2 /* PBXContainerItemProxy */;
		};
/* End PBXTargetDependency section */

/* Begin XCBuildConfiguration section */
		528FDCB51B710F810000F4C2 /* Debug */ = {
			isa = XCBuildConfiguration;
			buildSettings = {
				ALWAYS_SEARCH_USER_PATHS = NO;
				CLANG_CXX_LANGUAGE_STANDARD = "gnu++0x";
				CLANG_CXX_LIBRARY = "libc++";
				CLANG_ENABLE_MODULES = YES;
				CLANG_ENABLE_OBJC_ARC = YES;
				CLANG_WARN_BOOL_CONVERSION = YES;
				CLANG_WARN_CONSTANT_CONVERSION = YES;
				CLANG_WARN_DIRECT_OBJC_ISA_USAGE = YES_ERROR;
				CLANG_WARN_EMPTY_BODY = YES;
				CLANG_WARN_ENUM_CONVERSION = YES;
				CLANG_WARN_INT_CONVERSION = YES;
				CLANG_WARN_OBJC_ROOT_CLASS = YES_ERROR;
				CLANG_WARN_UNREACHABLE_CODE = YES;
				CLANG_WARN__DUPLICATE_METHOD_MATCH = YES;
				"CODE_SIGN_IDENTITY[sdk=iphoneos*]" = "iPhone Developer";
				COPY_PHASE_STRIP = NO;
				DEBUG_INFORMATION_FORMAT = "dwarf-with-dsym";
				ENABLE_STRICT_OBJC_MSGSEND = YES;
				GCC_C_LANGUAGE_STANDARD = gnu99;
				GCC_DYNAMIC_NO_PIC = NO;
				GCC_NO_COMMON_BLOCKS = YES;
				GCC_OPTIMIZATION_LEVEL = 0;
				GCC_PREPROCESSOR_DEFINITIONS = (
					"DEBUG=1",
					"$(inherited)",
				);
				GCC_SYMBOLS_PRIVATE_EXTERN = NO;
				GCC_WARN_64_TO_32_BIT_CONVERSION = YES;
				GCC_WARN_ABOUT_RETURN_TYPE = YES_ERROR;
				GCC_WARN_UNDECLARED_SELECTOR = YES;
				GCC_WARN_UNINITIALIZED_AUTOS = YES_AGGRESSIVE;
				GCC_WARN_UNUSED_FUNCTION = YES;
				GCC_WARN_UNUSED_VARIABLE = YES;
				IPHONEOS_DEPLOYMENT_TARGET = 8.4;
				MTL_ENABLE_DEBUG_INFO = YES;
				ONLY_ACTIVE_ARCH = YES;
				SDKROOT = iphoneos;
				TARGETED_DEVICE_FAMILY = "1,2";
			};
			name = Debug;
		};
		528FDCB61B710F810000F4C2 /* Release */ = {
			isa = XCBuildConfiguration;
			buildSettings = {
				ALWAYS_SEARCH_USER_PATHS = NO;
				CLANG_CXX_LANGUAGE_STANDARD = "gnu++0x";
				CLANG_CXX_LIBRARY = "libc++";
				CLANG_ENABLE_MODULES = YES;
				CLANG_ENABLE_OBJC_ARC = YES;
				CLANG_WARN_BOOL_CONVERSION = YES;
				CLANG_WARN_CONSTANT_CONVERSION = YES;
				CLANG_WARN_DIRECT_OBJC_ISA_USAGE = YES_ERROR;
				CLANG_WARN_EMPTY_BODY = YES;
				CLANG_WARN_ENUM_CONVERSION = YES;
				CLANG_WARN_INT_CONVERSION = YES;
				CLANG_WARN_OBJC_ROOT_CLASS = YES_ERROR;
				CLANG_WARN_UNREACHABLE_CODE = YES;
				CLANG_WARN__DUPLICATE_METHOD_MATCH = YES;
				"CODE_SIGN_IDENTITY[sdk=iphoneos*]" = "iPhone Developer";
				COPY_PHASE_STRIP = NO;
				DEBUG_INFORMATION_FORMAT = "dwarf-with-dsym";
				ENABLE_NS_ASSERTIONS = NO;
				ENABLE_STRICT_OBJC_MSGSEND = YES;
				GCC_C_LANGUAGE_STANDARD = gnu99;
				GCC_NO_COMMON_BLOCKS = YES;
				GCC_WARN_64_TO_32_BIT_CONVERSION = YES;
				GCC_WARN_ABOUT_RETURN_TYPE = YES_ERROR;
				GCC_WARN_UNDECLARED_SELECTOR = YES;
				GCC_WARN_UNINITIALIZED_AUTOS = YES_AGGRESSIVE;
				GCC_WARN_UNUSED_FUNCTION = YES;
				GCC_WARN_UNUSED_VARIABLE = YES;
				IPHONEOS_DEPLOYMENT_TARGET = 8.4;
				MTL_ENABLE_DEBUG_INFO = NO;
				SDKROOT = iphoneos;
				TARGETED_DEVICE_FAMILY = "1,2";
				VALIDATE_PRODUCT = YES;
			};
			name = Release;
		};
		528FDCB81B710F810000F4C2 /* Debug */ = {
			isa = XCBuildConfiguration;
			buildSettings = {
				ASSETCATALOG_COMPILER_APPICON_NAME = AppIcon;
				INFOPLIST_FILE = WarShips/Info.plist;
				LD_RUNPATH_SEARCH_PATHS = "$(inherited) @executable_path/Frameworks";
				PRODUCT_NAME = "$(TARGET_NAME)";
			};
			name = Debug;
		};
		528FDCB91B710F810000F4C2 /* Release */ = {
			isa = XCBuildConfiguration;
			buildSettings = {
				ASSETCATALOG_COMPILER_APPICON_NAME = AppIcon;
				INFOPLIST_FILE = WarShips/Info.plist;
				LD_RUNPATH_SEARCH_PATHS = "$(inherited) @executable_path/Frameworks";
				PRODUCT_NAME = "$(TARGET_NAME)";
			};
			name = Release;
		};
		528FDCBB1B710F810000F4C2 /* Debug */ = {
			isa = XCBuildConfiguration;
			buildSettings = {
				BUNDLE_LOADER = "$(TEST_HOST)";
				FRAMEWORK_SEARCH_PATHS = (
					"$(SDKROOT)/Developer/Library/Frameworks",
					"$(inherited)",
				);
				GCC_PREPROCESSOR_DEFINITIONS = (
					"DEBUG=1",
					"$(inherited)",
				);
				INFOPLIST_FILE = WarShipsTests/Info.plist;
				LD_RUNPATH_SEARCH_PATHS = "$(inherited) @executable_path/Frameworks @loader_path/Frameworks";
				PRODUCT_NAME = "$(TARGET_NAME)";
				TEST_HOST = "$(BUILT_PRODUCTS_DIR)/WarShips.app/WarShips";
			};
			name = Debug;
		};
		528FDCBC1B710F810000F4C2 /* Release */ = {
			isa = XCBuildConfiguration;
			buildSettings = {
				BUNDLE_LOADER = "$(TEST_HOST)";
				FRAMEWORK_SEARCH_PATHS = (
					"$(SDKROOT)/Developer/Library/Frameworks",
					"$(inherited)",
				);
				INFOPLIST_FILE = WarShipsTests/Info.plist;
				LD_RUNPATH_SEARCH_PATHS = "$(inherited) @executable_path/Frameworks @loader_path/Frameworks";
				PRODUCT_NAME = "$(TARGET_NAME)";
				TEST_HOST = "$(BUILT_PRODUCTS_DIR)/WarShips.app/WarShips";
			};
			name = Release;
		};
/* End XCBuildConfiguration section */

/* Begin XCConfigurationList section */
		528FDC8F1B710F800000F4C2 /* Build configuration list for PBXProject "WarShips" */ = {
			isa = XCConfigurationList;
			buildConfigurations = (
				528FDCB51B710F810000F4C2 /* Debug */,
				528FDCB61B710F810000F4C2 /* Release */,
			);
			defaultConfigurationIsVisible = 0;
			defaultConfigurationName = Release;
		};
		528FDCB71B710F810000F4C2 /* Build configuration list for PBXNativeTarget "WarShips" */ = {
			isa = XCConfigurationList;
			buildConfigurations = (
				528FDCB81B710F810000F4C2 /* Debug */,
				528FDCB91B710F810000F4C2 /* Release */,
			);
			defaultConfigurationIsVisible = 0;
			defaultConfigurationName = Release;
		};
		528FDCBA1B710F810000F4C2 /* Build configuration list for PBXNativeTarget "WarShipsTests" */ = {
			isa = XCConfigurationList;
			buildConfigurations = (
				528FDCBB1B710F810000F4C2 /* Debug */,
				528FDCBC1B710F810000F4C2 /* Release */,
			);
			defaultConfigurationIsVisible = 0;
			defaultConfigurationName = Release;
		};
/* End XCConfigurationList section */
	};
	rootObject = 528FDC8C1B710F800000F4C2 /* Project object */;
}
